
Microsoft Visual Studio Solution File, Format Version 12.00
# Visual Studio 15
VisualStudioVersion = 15.0.26430.16
MinimumVisualStudioVersion = 10.0.40219.1
Project("{9A19103F-16F7-4668-BE54-9A1E7A4F7556}") = "EarthWithMagic", "EarthWithMagic\EarthWithMagic.csproj", "{896EFB1D-0696-4863-A32C-56D297DA02C9}"
EndProject
Project("{9A19103F-16F7-4668-BE54-9A1E7A4F7556}") = "EarthMagicItems", "EarthMagicItems\EarthMagicItems.csproj", "{224D71FE-DA99-4AD1-A6FC-C0D229A997EA}"
EndProject
Project("{9A19103F-16F7-4668-BE54-9A1E7A4F7556}") = "EarthMagicCreatures", "EarthMagicCreatures\EarthMagicCreatures.csproj", "{3D396EA1-2157-458E-9D76-E05214EB9B3D}"
EndProject
Project("{9A19103F-16F7-4668-BE54-9A1E7A4F7556}") = "EarthMagicCharacters", "EarthMagicCharacters\EarthMagicCharacters.csproj", "{D44CB7A8-9713-492A-89B3-A1E872DADA88}"
EndProject
Project("{9A19103F-16F7-4668-BE54-9A1E7A4F7556}") = "EarthMagicDynamicMarket", "EarthMagicDynamicMarket\EarthMagicDynamicMarket.csproj", "{6FDBE2F6-A635-40B6-B7EC-4ACEE14A653C}"
EndProject
Project("{9A19103F-16F7-4668-BE54-9A1E7A4F7556}") = "EarthMagicMainStory", "EarthMagicStory\EarthMagicMainStory.csproj", "{FD368CEB-5A88-40F1-8B73-7CDC3F3FFCBC}"
EndProject
Project("{9A19103F-16F7-4668-BE54-9A1E7A4F7556}") = "EarthWithMagicMagic", "EarthWithMagicMagic\EarthWithMagicMagic.csproj", "{C3AB1B24-CA59-4559-A8DC-FD197888BD27}"
EndProject
Project("{9A19103F-16F7-4668-BE54-9A1E7A4F7556}") = "EarthWithMagicAPI", "EarthWithMagicAPI\EarthWithMagicAPI.csproj", "{A0E4CF0C-C900-4FDA-8395-8B66EFA68638}"
EndProject
Project("{2150E333-8FDC-42A3-9474-1A3956D46DE8}") = "Solution Items", "Solution Items", "{09293283-6E6D-4652-A633-5B70452244DA}"
	ProjectSection(SolutionItems) = preProject
		Reference.md = Reference.md
		Todo.md = Todo.md
		Wiki.html = Wiki.html
		Wiki.html.vsspell = Wiki.html.vsspell
	EndProjectSection
EndProject
Global
	GlobalSection(SolutionConfigurationPlatforms) = preSolution
		Debug|Any CPU = Debug|Any CPU
		Release|Any CPU = Release|Any CPU
	EndGlobalSection
	GlobalSection(ProjectConfigurationPlatforms) = postSolution
		{896EFB1D-0696-4863-A32C-56D297DA02C9}.Debug|Any CPU.ActiveCfg = Debug|Any CPU
		{896EFB1D-0696-4863-A32C-56D297DA02C9}.Debug|Any CPU.Build.0 = Debug|Any CPU
		{896EFB1D-0696-4863-A32C-56D297DA02C9}.Release|Any CPU.ActiveCfg = Release|Any CPU
		{896EFB1D-0696-4863-A32C-56D297DA02C9}.Release|Any CPU.Build.0 = Release|Any CPU
		{224D71FE-DA99-4AD1-A6FC-C0D229A997EA}.Debug|Any CPU.ActiveCfg = Debug|Any CPU
		{224D71FE-DA99-4AD1-A6FC-C0D229A997EA}.Debug|Any CPU.Build.0 = Debug|Any CPU
		{224D71FE-DA99-4AD1-A6FC-C0D229A997EA}.Release|Any CPU.ActiveCfg = Release|Any CPU
		{224D71FE-DA99-4AD1-A6FC-C0D229A997EA}.Release|Any CPU.Build.0 = Release|Any CPU
		{3D396EA1-2157-458E-9D76-E05214EB9B3D}.Debug|Any CPU.ActiveCfg = Debug|Any CPU
		{3D396EA1-2157-458E-9D76-E05214EB9B3D}.Debug|Any CPU.Build.0 = Debug|Any CPU
		{3D396EA1-2157-458E-9D76-E05214EB9B3D}.Release|Any CPU.ActiveCfg = Release|Any CPU
		{3D396EA1-2157-458E-9D76-E05214EB9B3D}.Release|Any CPU.Build.0 = Release|Any CPU
		{D44CB7A8-9713-492A-89B3-A1E872DADA88}.Debug|Any CPU.ActiveCfg = Debug|Any CPU
		{D44CB7A8-9713-492A-89B3-A1E872DADA88}.Debug|Any CPU.Build.0 = Debug|Any CPU
		{D44CB7A8-9713-492A-89B3-A1E872DADA88}.Release|Any CPU.ActiveCfg = Release|Any CPU
		{D44CB7A8-9713-492A-89B3-A1E872DADA88}.Release|Any CPU.Build.0 = Release|Any CPU
		{6FDBE2F6-A635-40B6-B7EC-4ACEE14A653C}.Debug|Any CPU.ActiveCfg = Debug|Any CPU
		{6FDBE2F6-A635-40B6-B7EC-4ACEE14A653C}.Debug|Any CPU.Build.0 = Debug|Any CPU
		{6FDBE2F6-A635-40B6-B7EC-4ACEE14A653C}.Release|Any CPU.ActiveCfg = Release|Any CPU
		{6FDBE2F6-A635-40B6-B7EC-4ACEE14A653C}.Release|Any CPU.Build.0 = Release|Any CPU
		{FD368CEB-5A88-40F1-8B73-7CDC3F3FFCBC}.Debug|Any CPU.ActiveCfg = Debug|Any CPU
		{FD368CEB-5A88-40F1-8B73-7CDC3F3FFCBC}.Debug|Any CPU.Build.0 = Debug|Any CPU
		{FD368CEB-5A88-40F1-8B73-7CDC3F3FFCBC}.Release|Any CPU.ActiveCfg = Release|Any CPU
		{FD368CEB-5A88-40F1-8B73-7CDC3F3FFCBC}.Release|Any CPU.Build.0 = Release|Any CPU
		{C3AB1B24-CA59-4559-A8DC-FD197888BD27}.Debug|Any CPU.ActiveCfg = Debug|Any CPU
		{C3AB1B24-CA59-4559-A8DC-FD197888BD27}.Debug|Any CPU.Build.0 = Debug|Any CPU
		{C3AB1B24-CA59-4559-A8DC-FD197888BD27}.Release|Any CPU.ActiveCfg = Release|Any CPU
		{C3AB1B24-CA59-4559-A8DC-FD197888BD27}.Release|Any CPU.Build.0 = Release|Any CPU
		{A0E4CF0C-C900-4FDA-8395-8B66EFA68638}.Debug|Any CPU.ActiveCfg = Debug|Any CPU
		{A0E4CF0C-C900-4FDA-8395-8B66EFA68638}.Debug|Any CPU.Build.0 = Debug|Any CPU
		{A0E4CF0C-C900-4FDA-8395-8B66EFA68638}.Release|Any CPU.ActiveCfg = Release|Any CPU
		{A0E4CF0C-C900-4FDA-8395-8B66EFA68638}.Release|Any CPU.Build.0 = Release|Any CPU
	EndGlobalSection
	GlobalSection(SolutionProperties) = preSolution
		HideSolutionNode = FALSE
	EndGlobalSection
EndGlobal
