
Microsoft Visual Studio Solution File, Format Version 12.00
# Visual Studio 15
VisualStudioVersion = 15.0.27130.2010
MinimumVisualStudioVersion = 10.0.40219.1
Project("{2150E333-8FDC-42A3-9474-1A3956D46DE8}") = "Solution Items", "Solution Items", "{09293283-6E6D-4652-A633-5B70452244DA}"
	ProjectSection(SolutionItems) = preProject
		CHANGELOG.txt = CHANGELOG.txt
	EndProjectSection
EndProject
Project("{9A19103F-16F7-4668-BE54-9A1E7A4F7556}") = "DungeonsOfTheGodsAPI", "DungeonsOfTheGodsAPI\DungeonsOfTheGodsAPI.csproj", "{354A8755-5C6F-4CCF-AD44-470EB9E93D26}"
EndProject
Project("{9A19103F-16F7-4668-BE54-9A1E7A4F7556}") = "DungeonsOfTheGodsModAPI", "DungeonsOfTheGodsModAPI\DungeonsOfTheGodsModAPI.csproj", "{1BAF673C-F18E-4FAC-BE1C-BFBF53E79718}"
EndProject
Project("{9A19103F-16F7-4668-BE54-9A1E7A4F7556}") = "DungeonsOfTheGods", "DungeonsOfTheGods\DungeonsOfTheGods.csproj", "{813629DD-2ECD-42DD-982A-855E483897B4}"
EndProject
Global
	GlobalSection(SolutionConfigurationPlatforms) = preSolution
		Debug|Any CPU = Debug|Any CPU
		Release|Any CPU = Release|Any CPU
	EndGlobalSection
	GlobalSection(ProjectConfigurationPlatforms) = postSolution
		{354A8755-5C6F-4CCF-AD44-470EB9E93D26}.Debug|Any CPU.ActiveCfg = Debug|Any CPU
		{354A8755-5C6F-4CCF-AD44-470EB9E93D26}.Debug|Any CPU.Build.0 = Debug|Any CPU
		{354A8755-5C6F-4CCF-AD44-470EB9E93D26}.Release|Any CPU.ActiveCfg = Release|Any CPU
		{354A8755-5C6F-4CCF-AD44-470EB9E93D26}.Release|Any CPU.Build.0 = Release|Any CPU
		{1BAF673C-F18E-4FAC-BE1C-BFBF53E79718}.Debug|Any CPU.ActiveCfg = Debug|Any CPU
		{1BAF673C-F18E-4FAC-BE1C-BFBF53E79718}.Debug|Any CPU.Build.0 = Debug|Any CPU
		{1BAF673C-F18E-4FAC-BE1C-BFBF53E79718}.Release|Any CPU.ActiveCfg = Release|Any CPU
		{1BAF673C-F18E-4FAC-BE1C-BFBF53E79718}.Release|Any CPU.Build.0 = Release|Any CPU
		{813629DD-2ECD-42DD-982A-855E483897B4}.Debug|Any CPU.ActiveCfg = Debug|Any CPU
		{813629DD-2ECD-42DD-982A-855E483897B4}.Debug|Any CPU.Build.0 = Debug|Any CPU
		{813629DD-2ECD-42DD-982A-855E483897B4}.Release|Any CPU.ActiveCfg = Release|Any CPU
		{813629DD-2ECD-42DD-982A-855E483897B4}.Release|Any CPU.Build.0 = Release|Any CPU
	EndGlobalSection
	GlobalSection(SolutionProperties) = preSolution
		HideSolutionNode = FALSE
	EndGlobalSection
	GlobalSection(ExtensibilityGlobals) = postSolution
		SolutionGuid = {FF8B4622-BBFB-41B1-9FEC-01091A7B38BB}
	EndGlobalSection
EndGlobal
